
Microsoft Visual Studio Solution File, Format Version 12.00
# Visual Studio Version 17
VisualStudioVersion = 17.5.33530.505
MinimumVisualStudioVersion = 10.0.40219.1
Project("{FAE04EC0-301F-11D3-BF4B-00C04F79EFBC}") = "PokemonApp", "PokemonApp\PokemonApp.csproj", "{5C88D589-93B1-4DDF-9529-07524F298E90}"
EndProject
Global
	GlobalSection(SolutionConfigurationPlatforms) = preSolution
		Debug|Any CPU = Debug|Any CPU
		Release|Any CPU = Release|Any CPU
	EndGlobalSection
	GlobalSection(ProjectConfigurationPlatforms) = postSolution
		{5C88D589-93B1-4DDF-9529-07524F298E90}.Debug|Any CPU.ActiveCfg = Debug|Any CPU
		{5C88D589-93B1-4DDF-9529-07524F298E90}.Debug|Any CPU.Build.0 = Debug|Any CPU
		{5C88D589-93B1-4DDF-9529-07524F298E90}.Release|Any CPU.ActiveCfg = Release|Any CPU
		{5C88D589-93B1-4DDF-9529-07524F298E90}.Release|Any CPU.Build.0 = Release|Any CPU
	EndGlobalSection
	GlobalSection(SolutionProperties) = preSolution
		HideSolutionNode = FALSE
	EndGlobalSection
	GlobalSection(ExtensibilityGlobals) = postSolution
		SolutionGuid = {3ED205FD-12B4-4996-9F94-B9597768F4A5}
	EndGlobalSection
EndGlobal
